
Microsoft Visual Studio Solution File, Format Version 12.00
# Visual Studio 15
VisualStudioVersion = 15.0.27130.2010
MinimumVisualStudioVersion = 10.0.40219.1
Project("{FAE04EC0-301F-11D3-BF4B-00C04F79EFBC}") = "DevOps.VersionControl.Functions.CheckIfGitHubRepositoryExists", "DevOps.VersionControl.Functions.CheckIfGitHubRepositoryExists\DevOps.VersionControl.Functions.CheckIfGitHubRepositoryExists.csproj", "{5ADD25B1-5DA1-4AC4-B988-9EDAA737C881}"
EndProject
Global
	GlobalSection(SolutionConfigurationPlatforms) = preSolution
		Debug|Any CPU = Debug|Any CPU
		Release|Any CPU = Release|Any CPU
	EndGlobalSection
	GlobalSection(ProjectConfigurationPlatforms) = postSolution
		{5ADD25B1-5DA1-4AC4-B988-9EDAA737C881}.Debug|Any CPU.ActiveCfg = Debug|Any CPU
		{5ADD25B1-5DA1-4AC4-B988-9EDAA737C881}.Debug|Any CPU.Build.0 = Debug|Any CPU
		{5ADD25B1-5DA1-4AC4-B988-9EDAA737C881}.Release|Any CPU.ActiveCfg = Release|Any CPU
		{5ADD25B1-5DA1-4AC4-B988-9EDAA737C881}.Release|Any CPU.Build.0 = Release|Any CPU
	EndGlobalSection
	GlobalSection(SolutionProperties) = preSolution
		HideSolutionNode = FALSE
	EndGlobalSection
	GlobalSection(ExtensibilityGlobals) = postSolution
		SolutionGuid = {D8FE3117-7C63-439C-A5BC-7226108611A2}
	EndGlobalSection
EndGlobal
